
Microsoft Visual Studio Solution File, Format Version 12.00
# Visual Studio Version 17
VisualStudioVersion = 17.6.33815.320
MinimumVisualStudioVersion = 10.0.40219.1
Project("{8BC9CEB8-8B4A-11D0-8D11-00A0C91BC942}") = "BAI12_BangCuuChuong", "BAI12_BangCuuChuong\BAI12_BangCuuChuong.vcxproj", "{CD50EE4E-3F97-4BA6-9547-B84C26EA4EF7}"
EndProject
Global
	GlobalSection(SolutionConfigurationPlatforms) = preSolution
		Debug|x64 = Debug|x64
		Debug|x86 = Debug|x86
		Release|x64 = Release|x64
		Release|x86 = Release|x86
	EndGlobalSection
	GlobalSection(ProjectConfigurationPlatforms) = postSolution
		{CD50EE4E-3F97-4BA6-9547-B84C26EA4EF7}.Debug|x64.ActiveCfg = Debug|x64
		{CD50EE4E-3F97-4BA6-9547-B84C26EA4EF7}.Debug|x64.Build.0 = Debug|x64
		{CD50EE4E-3F97-4BA6-9547-B84C26EA4EF7}.Debug|x86.ActiveCfg = Debug|Win32
		{CD50EE4E-3F97-4BA6-9547-B84C26EA4EF7}.Debug|x86.Build.0 = Debug|Win32
		{CD50EE4E-3F97-4BA6-9547-B84C26EA4EF7}.Release|x64.ActiveCfg = Release|x64
		{CD50EE4E-3F97-4BA6-9547-B84C26EA4EF7}.Release|x64.Build.0 = Release|x64
		{CD50EE4E-3F97-4BA6-9547-B84C26EA4EF7}.Release|x86.ActiveCfg = Release|Win32
		{CD50EE4E-3F97-4BA6-9547-B84C26EA4EF7}.Release|x86.Build.0 = Release|Win32
	EndGlobalSection
	GlobalSection(SolutionProperties) = preSolution
		HideSolutionNode = FALSE
	EndGlobalSection
	GlobalSection(ExtensibilityGlobals) = postSolution
		SolutionGuid = {60EFDCD2-6764-49A3-994A-4B73F7A11FC1}
	EndGlobalSection
EndGlobal
